// !$*UTF8*$!
{
	archiveVersion = 1;
	classes = {
	};
	objectVersion = 51;
	objects = {

/* Begin PBXBuildFile section */
		2227357E7A3C5EF02D4B27FF /* Pods_BuscadorMercadoLibreTests.framework in Frameworks */ = {isa = PBXBuildFile; fileRef = 8F267729A8995B5A3209DD57 /* Pods_BuscadorMercadoLibreTests.framework */; };
		37C81B8F9C21242F4E0C7081 /* Pods_BuscadorMercadoLibre.framework in Frameworks */ = {isa = PBXBuildFile; fileRef = 5D417911EE7E526CED68996C /* Pods_BuscadorMercadoLibre.framework */; };
		7EA95F1F2634722E0069FCAF /* AppDelegate.swift in Sources */ = {isa = PBXBuildFile; fileRef = 7EA95F1E2634722E0069FCAF /* AppDelegate.swift */; };
		7EA95F212634722E0069FCAF /* SceneDelegate.swift in Sources */ = {isa = PBXBuildFile; fileRef = 7EA95F202634722E0069FCAF /* SceneDelegate.swift */; };
		7EA95F232634722E0069FCAF /* SearchViewController.swift in Sources */ = {isa = PBXBuildFile; fileRef = 7EA95F222634722E0069FCAF /* SearchViewController.swift */; };
		7EA95F28263472310069FCAF /* Assets.xcassets in Resources */ = {isa = PBXBuildFile; fileRef = 7EA95F27263472310069FCAF /* Assets.xcassets */; };
		7EA95F2B263472310069FCAF /* LaunchScreen.storyboard in Resources */ = {isa = PBXBuildFile; fileRef = 7EA95F29263472310069FCAF /* LaunchScreen.storyboard */; };
		7EA95F36263472310069FCAF /* BuscadorMercadoLibreTests.swift in Sources */ = {isa = PBXBuildFile; fileRef = 7EA95F35263472310069FCAF /* BuscadorMercadoLibreTests.swift */; };
/* End PBXBuildFile section */

/* Begin PBXContainerItemProxy section */
		7EA95F32263472310069FCAF /* PBXContainerItemProxy */ = {
			isa = PBXContainerItemProxy;
			containerPortal = 7EA95F132634722E0069FCAF /* Project object */;
			proxyType = 1;
			remoteGlobalIDString = 7EA95F1A2634722E0069FCAF;
			remoteInfo = BuscadorMercadoLibre;
		};
/* End PBXContainerItemProxy section */

/* Begin PBXFileReference section */
		5D417911EE7E526CED68996C /* Pods_BuscadorMercadoLibre.framework */ = {isa = PBXFileReference; explicitFileType = wrapper.framework; includeInIndex = 0; path = Pods_BuscadorMercadoLibre.framework; sourceTree = BUILT_PRODUCTS_DIR; };
		7EA95F1B2634722E0069FCAF /* BuscadorMercadoLibre.app */ = {isa = PBXFileReference; explicitFileType = wrapper.application; includeInIndex = 0; path = BuscadorMercadoLibre.app; sourceTree = BUILT_PRODUCTS_DIR; };
		7EA95F1E2634722E0069FCAF /* AppDelegate.swift */ = {isa = PBXFileReference; lastKnownFileType = sourcecode.swift; path = AppDelegate.swift; sourceTree = "<group>"; };
		7EA95F202634722E0069FCAF /* SceneDelegate.swift */ = {isa = PBXFileReference; lastKnownFileType = sourcecode.swift; path = SceneDelegate.swift; sourceTree = "<group>"; };
		7EA95F222634722E0069FCAF /* SearchViewController.swift */ = {isa = PBXFileReference; lastKnownFileType = sourcecode.swift; path = SearchViewController.swift; sourceTree = "<group>"; };
		7EA95F27263472310069FCAF /* Assets.xcassets */ = {isa = PBXFileReference; lastKnownFileType = folder.assetcatalog; path = Assets.xcassets; sourceTree = "<group>"; };
		7EA95F2A263472310069FCAF /* Base */ = {isa = PBXFileReference; lastKnownFileType = file.storyboard; name = Base; path = Base.lproj/LaunchScreen.storyboard; sourceTree = "<group>"; };
		7EA95F2C263472310069FCAF /* Info.plist */ = {isa = PBXFileReference; lastKnownFileType = text.plist.xml; path = Info.plist; sourceTree = "<group>"; };
		7EA95F31263472310069FCAF /* BuscadorMercadoLibreTests.xctest */ = {isa = PBXFileReference; explicitFileType = wrapper.cfbundle; includeInIndex = 0; path = BuscadorMercadoLibreTests.xctest; sourceTree = BUILT_PRODUCTS_DIR; };
		7EA95F35263472310069FCAF /* BuscadorMercadoLibreTests.swift */ = {isa = PBXFileReference; lastKnownFileType = sourcecode.swift; path = BuscadorMercadoLibreTests.swift; sourceTree = "<group>"; };
		7EA95F37263472310069FCAF /* Info.plist */ = {isa = PBXFileReference; lastKnownFileType = text.plist.xml; path = Info.plist; sourceTree = "<group>"; };
		8E6A883E3A092299AC11E57E /* Pods-BuscadorMercadoLibre.debug.xcconfig */ = {isa = PBXFileReference; includeInIndex = 1; lastKnownFileType = text.xcconfig; name = "Pods-BuscadorMercadoLibre.debug.xcconfig"; path = "Target Support Files/Pods-BuscadorMercadoLibre/Pods-BuscadorMercadoLibre.debug.xcconfig"; sourceTree = "<group>"; };
		8F267729A8995B5A3209DD57 /* Pods_BuscadorMercadoLibreTests.framework */ = {isa = PBXFileReference; explicitFileType = wrapper.framework; includeInIndex = 0; path = Pods_BuscadorMercadoLibreTests.framework; sourceTree = BUILT_PRODUCTS_DIR; };
		91D3E84B0D700205778B4323 /* Pods-BuscadorMercadoLibre.release.xcconfig */ = {isa = PBXFileReference; includeInIndex = 1; lastKnownFileType = text.xcconfig; name = "Pods-BuscadorMercadoLibre.release.xcconfig"; path = "Target Support Files/Pods-BuscadorMercadoLibre/Pods-BuscadorMercadoLibre.release.xcconfig"; sourceTree = "<group>"; };
		9961A56B3C69D57E2642971D /* Pods-BuscadorMercadoLibreTests.release.xcconfig */ = {isa = PBXFileReference; includeInIndex = 1; lastKnownFileType = text.xcconfig; name = "Pods-BuscadorMercadoLibreTests.release.xcconfig"; path = "Target Support Files/Pods-BuscadorMercadoLibreTests/Pods-BuscadorMercadoLibreTests.release.xcconfig"; sourceTree = "<group>"; };
		A11AF7DBFE5DE7299AFD448C /* Pods-BuscadorMercadoLibreTests.debug.xcconfig */ = {isa = PBXFileReference; includeInIndex = 1; lastKnownFileType = text.xcconfig; name = "Pods-BuscadorMercadoLibreTests.debug.xcconfig"; path = "Target Support Files/Pods-BuscadorMercadoLibreTests/Pods-BuscadorMercadoLibreTests.debug.xcconfig"; sourceTree = "<group>"; };
/* End PBXFileReference section */

/* Begin PBXFrameworksBuildPhase section */
		7EA95F182634722E0069FCAF /* Frameworks */ = {
			isa = PBXFrameworksBuildPhase;
			buildActionMask = 2147483647;
			files = (
				37C81B8F9C21242F4E0C7081 /* Pods_BuscadorMercadoLibre.framework in Frameworks */,
			);
			runOnlyForDeploymentPostprocessing = 0;
		};
		7EA95F2E263472310069FCAF /* Frameworks */ = {
			isa = PBXFrameworksBuildPhase;
			buildActionMask = 2147483647;
			files = (
				2227357E7A3C5EF02D4B27FF /* Pods_BuscadorMercadoLibreTests.framework in Frameworks */,
			);
			runOnlyForDeploymentPostprocessing = 0;
		};
/* End PBXFrameworksBuildPhase section */

/* Begin PBXGroup section */
		4501514A9F1E7CDBA4F5204E /* Pods */ = {
			isa = PBXGroup;
			children = (
				8E6A883E3A092299AC11E57E /* Pods-BuscadorMercadoLibre.debug.xcconfig */,
				91D3E84B0D700205778B4323 /* Pods-BuscadorMercadoLibre.release.xcconfig */,
				A11AF7DBFE5DE7299AFD448C /* Pods-BuscadorMercadoLibreTests.debug.xcconfig */,
				9961A56B3C69D57E2642971D /* Pods-BuscadorMercadoLibreTests.release.xcconfig */,
			);
			path = Pods;
			sourceTree = "<group>";
		};
		6F20392F312C421CE2A535ED /* Frameworks */ = {
			isa = PBXGroup;
			children = (
				5D417911EE7E526CED68996C /* Pods_BuscadorMercadoLibre.framework */,
				8F267729A8995B5A3209DD57 /* Pods_BuscadorMercadoLibreTests.framework */,
			);
			name = Frameworks;
			sourceTree = "<group>";
		};
		7E32211F26347748000A865A /* ViewControllers */ = {
			isa = PBXGroup;
			children = (
				7E3221252634779F000A865A /* SearchViewController */,
			);
			path = ViewControllers;
			sourceTree = "<group>";
		};
		7E32212026347757000A865A /* AdditionalFiles */ = {
			isa = PBXGroup;
			children = (
				7EA95F1E2634722E0069FCAF /* AppDelegate.swift */,
				7EA95F202634722E0069FCAF /* SceneDelegate.swift */,
				7EA95F27263472310069FCAF /* Assets.xcassets */,
				7EA95F29263472310069FCAF /* LaunchScreen.storyboard */,
			);
			path = AdditionalFiles;
			sourceTree = "<group>";
		};
		7E3221252634779F000A865A /* SearchViewController */ = {
			isa = PBXGroup;
			children = (
				7EA95F222634722E0069FCAF /* SearchViewController.swift */,
			);
			path = SearchViewController;
			sourceTree = "<group>";
		};
		7EA95F122634722E0069FCAF = {
			isa = PBXGroup;
			children = (
				7EA95F1D2634722E0069FCAF /* BuscadorMercadoLibre */,
				7EA95F34263472310069FCAF /* BuscadorMercadoLibreTests */,
				7EA95F1C2634722E0069FCAF /* Products */,
				4501514A9F1E7CDBA4F5204E /* Pods */,
				6F20392F312C421CE2A535ED /* Frameworks */,
			);
			sourceTree = "<group>";
		};
		7EA95F1C2634722E0069FCAF /* Products */ = {
			isa = PBXGroup;
			children = (
				7EA95F1B2634722E0069FCAF /* BuscadorMercadoLibre.app */,
				7EA95F31263472310069FCAF /* BuscadorMercadoLibreTests.xctest */,
			);
			name = Products;
			sourceTree = "<group>";
		};
		7EA95F1D2634722E0069FCAF /* BuscadorMercadoLibre */ = {
			isa = PBXGroup;
			children = (
				7EA95F2C263472310069FCAF /* Info.plist */,
				7E32212026347757000A865A /* AdditionalFiles */,
				7E32211F26347748000A865A /* ViewControllers */,
			);
			path = BuscadorMercadoLibre;
			sourceTree = "<group>";
		};
		7EA95F34263472310069FCAF /* BuscadorMercadoLibreTests */ = {
			isa = PBXGroup;
			children = (
				7EA95F35263472310069FCAF /* BuscadorMercadoLibreTests.swift */,
				7EA95F37263472310069FCAF /* Info.plist */,
			);
			path = BuscadorMercadoLibreTests;
			sourceTree = "<group>";
		};
/* End PBXGroup section */

/* Begin PBXNativeTarget section */
		7EA95F1A2634722E0069FCAF /* BuscadorMercadoLibre */ = {
			isa = PBXNativeTarget;
			buildConfigurationList = 7EA95F45263472310069FCAF /* Build configuration list for PBXNativeTarget "BuscadorMercadoLibre" */;
			buildPhases = (
				D9EB6796FA13800C7FA19F70 /* [CP] Check Pods Manifest.lock */,
				7EA95F172634722E0069FCAF /* Sources */,
				7EA95F182634722E0069FCAF /* Frameworks */,
				7EA95F192634722E0069FCAF /* Resources */,
				5BDE3103A4B456FE9C3BD8BB /* [CP] Embed Pods Frameworks */,
			);
			buildRules = (
			);
			dependencies = (
			);
			name = BuscadorMercadoLibre;
			productName = BuscadorMercadoLibre;
			productReference = 7EA95F1B2634722E0069FCAF /* BuscadorMercadoLibre.app */;
			productType = "com.apple.product-type.application";
		};
		7EA95F30263472310069FCAF /* BuscadorMercadoLibreTests */ = {
			isa = PBXNativeTarget;
			buildConfigurationList = 7EA95F48263472310069FCAF /* Build configuration list for PBXNativeTarget "BuscadorMercadoLibreTests" */;
			buildPhases = (
				59619ED0EDC702821B0B66E9 /* [CP] Check Pods Manifest.lock */,
				7EA95F2D263472310069FCAF /* Sources */,
				7EA95F2E263472310069FCAF /* Frameworks */,
				7EA95F2F263472310069FCAF /* Resources */,
			);
			buildRules = (
			);
			dependencies = (
				7EA95F33263472310069FCAF /* PBXTargetDependency */,
			);
			name = BuscadorMercadoLibreTests;
			productName = BuscadorMercadoLibreTests;
			productReference = 7EA95F31263472310069FCAF /* BuscadorMercadoLibreTests.xctest */;
			productType = "com.apple.product-type.bundle.unit-test";
		};
/* End PBXNativeTarget section */

/* Begin PBXProject section */
		7EA95F132634722E0069FCAF /* Project object */ = {
			isa = PBXProject;
			attributes = {
				LastSwiftUpdateCheck = 1240;
				LastUpgradeCheck = 1240;
				TargetAttributes = {
					7EA95F1A2634722E0069FCAF = {
						CreatedOnToolsVersion = 12.4;
					};
					7EA95F30263472310069FCAF = {
						CreatedOnToolsVersion = 12.4;
						TestTargetID = 7EA95F1A2634722E0069FCAF;
					};
				};
			};
			buildConfigurationList = 7EA95F162634722E0069FCAF /* Build configuration list for PBXProject "BuscadorMercadoLibre" */;
			compatibilityVersion = "Xcode 9.3";
			developmentRegion = en;
			hasScannedForEncodings = 0;
			knownRegions = (
				en,
				Base,
			);
			mainGroup = 7EA95F122634722E0069FCAF;
			productRefGroup = 7EA95F1C2634722E0069FCAF /* Products */;
			projectDirPath = "";
			projectRoot = "";
			targets = (
				7EA95F1A2634722E0069FCAF /* BuscadorMercadoLibre */,
				7EA95F30263472310069FCAF /* BuscadorMercadoLibreTests */,
			);
		};
/* End PBXProject section */

/* Begin PBXResourcesBuildPhase section */
		7EA95F192634722E0069FCAF /* Resources */ = {
			isa = PBXResourcesBuildPhase;
			buildActionMask = 2147483647;
			files = (
				7EA95F2B263472310069FCAF /* LaunchScreen.storyboard in Resources */,
				7EA95F28263472310069FCAF /* Assets.xcassets in Resources */,
			);
			runOnlyForDeploymentPostprocessing = 0;
		};
		7EA95F2F263472310069FCAF /* Resources */ = {
			isa = PBXResourcesBuildPhase;
			buildActionMask = 2147483647;
			files = (
			);
			runOnlyForDeploymentPostprocessing = 0;
		};
/* End PBXResourcesBuildPhase section */

/* Begin PBXShellScriptBuildPhase section */
		59619ED0EDC702821B0B66E9 /* [CP] Check Pods Manifest.lock */ = {
			isa = PBXShellScriptBuildPhase;
			buildActionMask = 2147483647;
			files = (
			);
			inputFileListPaths = (
			);
			inputPaths = (
				"${PODS_PODFILE_DIR_PATH}/Podfile.lock",
				"${PODS_ROOT}/Manifest.lock",
			);
			name = "[CP] Check Pods Manifest.lock";
			outputFileListPaths = (
			);
			outputPaths = (
				"$(DERIVED_FILE_DIR)/Pods-BuscadorMercadoLibreTests-checkManifestLockResult.txt",
			);
			runOnlyForDeploymentPostprocessing = 0;
			shellPath = /bin/sh;
			shellScript = "diff \"${PODS_PODFILE_DIR_PATH}/Podfile.lock\" \"${PODS_ROOT}/Manifest.lock\" > /dev/null\nif [ $? != 0 ] ; then\n    # print error to STDERR\n    echo \"error: The sandbox is not in sync with the Podfile.lock. Run 'pod install' or update your CocoaPods installation.\" >&2\n    exit 1\nfi\n# This output is used by Xcode 'outputs' to avoid re-running this script phase.\necho \"SUCCESS\" > \"${SCRIPT_OUTPUT_FILE_0}\"\n";
			showEnvVarsInLog = 0;
		};
		5BDE3103A4B456FE9C3BD8BB /* [CP] Embed Pods Frameworks */ = {
			isa = PBXShellScriptBuildPhase;
			buildActionMask = 2147483647;
			files = (
			);
			inputFileListPaths = (
				"${PODS_ROOT}/Target Support Files/Pods-BuscadorMercadoLibre/Pods-BuscadorMercadoLibre-frameworks-${CONFIGURATION}-input-files.xcfilelist",
			);
			name = "[CP] Embed Pods Frameworks";
			outputFileListPaths = (
				"${PODS_ROOT}/Target Support Files/Pods-BuscadorMercadoLibre/Pods-BuscadorMercadoLibre-frameworks-${CONFIGURATION}-output-files.xcfilelist",
			);
			runOnlyForDeploymentPostprocessing = 0;
			shellPath = /bin/sh;
			shellScript = "\"${PODS_ROOT}/Target Support Files/Pods-BuscadorMercadoLibre/Pods-BuscadorMercadoLibre-frameworks.sh\"\n";
			showEnvVarsInLog = 0;
		};
		D9EB6796FA13800C7FA19F70 /* [CP] Check Pods Manifest.lock */ = {
			isa = PBXShellScriptBuildPhase;
			buildActionMask = 2147483647;
			files = (
			);
			inputFileListPaths = (
			);
			inputPaths = (
				"${PODS_PODFILE_DIR_PATH}/Podfile.lock",
				"${PODS_ROOT}/Manifest.lock",
			);
			name = "[CP] Check Pods Manifest.lock";
			outputFileListPaths = (
			);
			outputPaths = (
				"$(DERIVED_FILE_DIR)/Pods-BuscadorMercadoLibre-checkManifestLockResult.txt",
			);
			runOnlyForDeploymentPostprocessing = 0;
			shellPath = /bin/sh;
			shellScript = "diff \"${PODS_PODFILE_DIR_PATH}/Podfile.lock\" \"${PODS_ROOT}/Manifest.lock\" > /dev/null\nif [ $? != 0 ] ; then\n    # print error to STDERR\n    echo \"error: The sandbox is not in sync with the Podfile.lock. Run 'pod install' or update your CocoaPods installation.\" >&2\n    exit 1\nfi\n# This output is used by Xcode 'outputs' to avoid re-running this script phase.\necho \"SUCCESS\" > \"${SCRIPT_OUTPUT_FILE_0}\"\n";
			showEnvVarsInLog = 0;
		};
/* End PBXShellScriptBuildPhase section */

/* Begin PBXSourcesBuildPhase section */
		7EA95F172634722E0069FCAF /* Sources */ = {
			isa = PBXSourcesBuildPhase;
			buildActionMask = 2147483647;
			files = (
				7EA95F232634722E0069FCAF /* SearchViewController.swift in Sources */,
				7EA95F1F2634722E0069FCAF /* AppDelegate.swift in Sources */,
				7EA95F212634722E0069FCAF /* SceneDelegate.swift in Sources */,
			);
			runOnlyForDeploymentPostprocessing = 0;
		};
		7EA95F2D263472310069FCAF /* Sources */ = {
			isa = PBXSourcesBuildPhase;
			buildActionMask = 2147483647;
			files = (
				7EA95F36263472310069FCAF /* BuscadorMercadoLibreTests.swift in Sources */,
			);
			runOnlyForDeploymentPostprocessing = 0;
		};
/* End PBXSourcesBuildPhase section */

/* Begin PBXTargetDependency section */
		7EA95F33263472310069FCAF /* PBXTargetDependency */ = {
			isa = PBXTargetDependency;
			target = 7EA95F1A2634722E0069FCAF /* BuscadorMercadoLibre */;
			targetProxy = 7EA95F32263472310069FCAF /* PBXContainerItemProxy */;
		};
/* End PBXTargetDependency section */

/* Begin PBXVariantGroup section */
		7EA95F29263472310069FCAF /* LaunchScreen.storyboard */ = {
			isa = PBXVariantGroup;
			children = (
				7EA95F2A263472310069FCAF /* Base */,
			);
			name = LaunchScreen.storyboard;
			sourceTree = "<group>";
		};
/* End PBXVariantGroup section */

/* Begin XCBuildConfiguration section */
		7EA95F43263472310069FCAF /* Debug */ = {
			isa = XCBuildConfiguration;
			buildSettings = {
				ALWAYS_SEARCH_USER_PATHS = NO;
				CLANG_ANALYZER_NONNULL = YES;
				CLANG_ANALYZER_NUMBER_OBJECT_CONVERSION = YES_AGGRESSIVE;
				CLANG_CXX_LANGUAGE_STANDARD = "gnu++14";
				CLANG_CXX_LIBRARY = "libc++";
				CLANG_ENABLE_MODULES = YES;
				CLANG_ENABLE_OBJC_ARC = YES;
				CLANG_ENABLE_OBJC_WEAK = YES;
				CLANG_WARN_BLOCK_CAPTURE_AUTORELEASING = YES;
				CLANG_WARN_BOOL_CONVERSION = YES;
				CLANG_WARN_COMMA = YES;
				CLANG_WARN_CONSTANT_CONVERSION = YES;
				CLANG_WARN_DEPRECATED_OBJC_IMPLEMENTATIONS = YES;
				CLANG_WARN_DIRECT_OBJC_ISA_USAGE = YES_ERROR;
				CLANG_WARN_DOCUMENTATION_COMMENTS = YES;
				CLANG_WARN_EMPTY_BODY = YES;
				CLANG_WARN_ENUM_CONVERSION = YES;
				CLANG_WARN_INFINITE_RECURSION = YES;
				CLANG_WARN_INT_CONVERSION = YES;
				CLANG_WARN_NON_LITERAL_NULL_CONVERSION = YES;
				CLANG_WARN_OBJC_IMPLICIT_RETAIN_SELF = YES;
				CLANG_WARN_OBJC_LITERAL_CONVERSION = YES;
				CLANG_WARN_OBJC_ROOT_CLASS = YES_ERROR;
				CLANG_WARN_QUOTED_INCLUDE_IN_FRAMEWORK_HEADER = YES;
				CLANG_WARN_RANGE_LOOP_ANALYSIS = YES;
				CLANG_WARN_STRICT_PROTOTYPES = YES;
				CLANG_WARN_SUSPICIOUS_MOVE = YES;
				CLANG_WARN_UNGUARDED_AVAILABILITY = YES_AGGRESSIVE;
				CLANG_WARN_UNREACHABLE_CODE = YES;
				CLANG_WARN__DUPLICATE_METHOD_MATCH = YES;
				COPY_PHASE_STRIP = NO;
				DEBUG_INFORMATION_FORMAT = dwarf;
				ENABLE_STRICT_OBJC_MSGSEND = YES;
				ENABLE_TESTABILITY = YES;
				GCC_C_LANGUAGE_STANDARD = gnu11;
				GCC_DYNAMIC_NO_PIC = NO;
				GCC_NO_COMMON_BLOCKS = YES;
				GCC_OPTIMIZATION_LEVEL = 0;
				GCC_PREPROCESSOR_DEFINITIONS = (
					"DEBUG=1",
					"$(inherited)",
				);
				GCC_WARN_64_TO_32_BIT_CONVERSION = YES;
				GCC_WARN_ABOUT_RETURN_TYPE = YES_ERROR;
				GCC_WARN_UNDECLARED_SELECTOR = YES;
				GCC_WARN_UNINITIALIZED_AUTOS = YES_AGGRESSIVE;
				GCC_WARN_UNUSED_FUNCTION = YES;
				GCC_WARN_UNUSED_VARIABLE = YES;
				IPHONEOS_DEPLOYMENT_TARGET = 14.4;
				MTL_ENABLE_DEBUG_INFO = INCLUDE_SOURCE;
				MTL_FAST_MATH = YES;
				ONLY_ACTIVE_ARCH = YES;
				SDKROOT = iphoneos;
				SWIFT_ACTIVE_COMPILATION_CONDITIONS = DEBUG;
				SWIFT_OPTIMIZATION_LEVEL = "-Onone";
			};
			name = Debug;
		};
		7EA95F44263472310069FCAF /* Release */ = {
			isa = XCBuildConfiguration;
			buildSettings = {
				ALWAYS_SEARCH_USER_PATHS = NO;
				CLANG_ANALYZER_NONNULL = YES;
				CLANG_ANALYZER_NUMBER_OBJECT_CONVERSION = YES_AGGRESSIVE;
				CLANG_CXX_LANGUAGE_STANDARD = "gnu++14";
				CLANG_CXX_LIBRARY = "libc++";
				CLANG_ENABLE_MODULES = YES;
				CLANG_ENABLE_OBJC_ARC = YES;
				CLANG_ENABLE_OBJC_WEAK = YES;
				CLANG_WARN_BLOCK_CAPTURE_AUTORELEASING = YES;
				CLANG_WARN_BOOL_CONVERSION = YES;
				CLANG_WARN_COMMA = YES;
				CLANG_WARN_CONSTANT_CONVERSION = YES;
				CLANG_WARN_DEPRECATED_OBJC_IMPLEMENTATIONS = YES;
				CLANG_WARN_DIRECT_OBJC_ISA_USAGE = YES_ERROR;
				CLANG_WARN_DOCUMENTATION_COMMENTS = YES;
				CLANG_WARN_EMPTY_BODY = YES;
				CLANG_WARN_ENUM_CONVERSION = YES;
				CLANG_WARN_INFINITE_RECURSION = YES;
				CLANG_WARN_INT_CONVERSION = YES;
				CLANG_WARN_NON_LITERAL_NULL_CONVERSION = YES;
				CLANG_WARN_OBJC_IMPLICIT_RETAIN_SELF = YES;
				CLANG_WARN_OBJC_LITERAL_CONVERSION = YES;
				CLANG_WARN_OBJC_ROOT_CLASS = YES_ERROR;
				CLANG_WARN_QUOTED_INCLUDE_IN_FRAMEWORK_HEADER = YES;
				CLANG_WARN_RANGE_LOOP_ANALYSIS = YES;
				CLANG_WARN_STRICT_PROTOTYPES = YES;
				CLANG_WARN_SUSPICIOUS_MOVE = YES;
				CLANG_WARN_UNGUARDED_AVAILABILITY = YES_AGGRESSIVE;
				CLANG_WARN_UNREACHABLE_CODE = YES;
				CLANG_WARN__DUPLICATE_METHOD_MATCH = YES;
				COPY_PHASE_STRIP = NO;
				DEBUG_INFORMATION_FORMAT = "dwarf-with-dsym";
				ENABLE_NS_ASSERTIONS = NO;
				ENABLE_STRICT_OBJC_MSGSEND = YES;
				GCC_C_LANGUAGE_STANDARD = gnu11;
				GCC_NO_COMMON_BLOCKS = YES;
				GCC_WARN_64_TO_32_BIT_CONVERSION = YES;
				GCC_WARN_ABOUT_RETURN_TYPE = YES_ERROR;
				GCC_WARN_UNDECLARED_SELECTOR = YES;
				GCC_WARN_UNINITIALIZED_AUTOS = YES_AGGRESSIVE;
				GCC_WARN_UNUSED_FUNCTION = YES;
				GCC_WARN_UNUSED_VARIABLE = YES;
				IPHONEOS_DEPLOYMENT_TARGET = 14.4;
				MTL_ENABLE_DEBUG_INFO = NO;
				MTL_FAST_MATH = YES;
				SDKROOT = iphoneos;
				SWIFT_COMPILATION_MODE = wholemodule;
				SWIFT_OPTIMIZATION_LEVEL = "-O";
				VALIDATE_PRODUCT = YES;
			};
			name = Release;
		};
		7EA95F46263472310069FCAF /* Debug */ = {
			isa = XCBuildConfiguration;
			baseConfigurationReference = 8E6A883E3A092299AC11E57E /* Pods-BuscadorMercadoLibre.debug.xcconfig */;
			buildSettings = {
				ASSETCATALOG_COMPILER_APPICON_NAME = AppIcon;
				ASSETCATALOG_COMPILER_GLOBAL_ACCENT_COLOR_NAME = AccentColor;
				CODE_SIGN_STYLE = Automatic;
				DEVELOPMENT_TEAM = PX67L97P4V;
				INFOPLIST_FILE = BuscadorMercadoLibre/Info.plist;
				LD_RUNPATH_SEARCH_PATHS = (
					"$(inherited)",
					"@executable_path/Frameworks",
				);
				PRODUCT_BUNDLE_IDENTIFIER = com.tobiaslewinzon.BuscadorMercadoLibre;
				PRODUCT_NAME = "$(TARGET_NAME)";
				SWIFT_VERSION = 5.0;
				TARGETED_DEVICE_FAMILY = "1,2";
			};
			name = Debug;
		};
		7EA95F47263472310069FCAF /* Release */ = {
			isa = XCBuildConfiguration;
			baseConfigurationReference = 91D3E84B0D700205778B4323 /* Pods-BuscadorMercadoLibre.release.xcconfig */;
			buildSettings = {
				ASSETCATALOG_COMPILER_APPICON_NAME = AppIcon;
				ASSETCATALOG_COMPILER_GLOBAL_ACCENT_COLOR_NAME = AccentColor;
				CODE_SIGN_STYLE = Automatic;
				DEVELOPMENT_TEAM = PX67L97P4V;
				INFOPLIST_FILE = BuscadorMercadoLibre/Info.plist;
				LD_RUNPATH_SEARCH_PATHS = (
					"$(inherited)",
					"@executable_path/Frameworks",
				);
				PRODUCT_BUNDLE_IDENTIFIER = com.tobiaslewinzon.BuscadorMercadoLibre;
				PRODUCT_NAME = "$(TARGET_NAME)";
				SWIFT_VERSION = 5.0;
				TARGETED_DEVICE_FAMILY = "1,2";
			};
			name = Release;
		};
		7EA95F49263472310069FCAF /* Debug */ = {
			isa = XCBuildConfiguration;
			baseConfigurationReference = A11AF7DBFE5DE7299AFD448C /* Pods-BuscadorMercadoLibreTests.debug.xcconfig */;
			buildSettings = {
				ALWAYS_EMBED_SWIFT_STANDARD_LIBRARIES = YES;
				BUNDLE_LOADER = "$(TEST_HOST)";
				CODE_SIGN_STYLE = Automatic;
				DEVELOPMENT_TEAM = PX67L97P4V;
				INFOPLIST_FILE = BuscadorMercadoLibreTests/Info.plist;
				IPHONEOS_DEPLOYMENT_TARGET = 14.4;
				LD_RUNPATH_SEARCH_PATHS = (
					"$(inherited)",
					"@executable_path/Frameworks",
					"@loader_path/Frameworks",
				);
				PRODUCT_BUNDLE_IDENTIFIER = com.tobiaslewinzon.BuscadorMercadoLibreTests;
				PRODUCT_NAME = "$(TARGET_NAME)";
				SWIFT_VERSION = 5.0;
				TARGETED_DEVICE_FAMILY = "1,2";
				TEST_HOST = "$(BUILT_PRODUCTS_DIR)/BuscadorMercadoLibre.app/BuscadorMercadoLibre";
			};
			name = Debug;
		};
		7EA95F4A263472310069FCAF /* Release */ = {
			isa = XCBuildConfiguration;
			baseConfigurationReference = 9961A56B3C69D57E2642971D /* Pods-BuscadorMercadoLibreTests.release.xcconfig */;
			buildSettings = {
				ALWAYS_EMBED_SWIFT_STANDARD_LIBRARIES = YES;
				BUNDLE_LOADER = "$(TEST_HOST)";
				CODE_SIGN_STYLE = Automatic;
				DEVELOPMENT_TEAM = PX67L97P4V;
				INFOPLIST_FILE = BuscadorMercadoLibreTests/Info.plist;
				IPHONEOS_DEPLOYMENT_TARGET = 14.4;
				LD_RUNPATH_SEARCH_PATHS = (
					"$(inherited)",
					"@executable_path/Frameworks",
					"@loader_path/Frameworks",
				);
				PRODUCT_BUNDLE_IDENTIFIER = com.tobiaslewinzon.BuscadorMercadoLibreTests;
				PRODUCT_NAME = "$(TARGET_NAME)";
				SWIFT_VERSION = 5.0;
				TARGETED_DEVICE_FAMILY = "1,2";
				TEST_HOST = "$(BUILT_PRODUCTS_DIR)/BuscadorMercadoLibre.app/BuscadorMercadoLibre";
			};
			name = Release;
		};
/* End XCBuildConfiguration section */

/* Begin XCConfigurationList section */
		7EA95F162634722E0069FCAF /* Build configuration list for PBXProject "BuscadorMercadoLibre" */ = {
			isa = XCConfigurationList;
			buildConfigurations = (
				7EA95F43263472310069FCAF /* Debug */,
				7EA95F44263472310069FCAF /* Release */,
			);
			defaultConfigurationIsVisible = 0;
			defaultConfigurationName = Release;
		};
		7EA95F45263472310069FCAF /* Build configuration list for PBXNativeTarget "BuscadorMercadoLibre" */ = {
			isa = XCConfigurationList;
			buildConfigurations = (
				7EA95F46263472310069FCAF /* Debug */,
				7EA95F47263472310069FCAF /* Release */,
			);
			defaultConfigurationIsVisible = 0;
			defaultConfigurationName = Release;
		};
		7EA95F48263472310069FCAF /* Build configuration list for PBXNativeTarget "BuscadorMercadoLibreTests" */ = {
			isa = XCConfigurationList;
			buildConfigurations = (
				7EA95F49263472310069FCAF /* Debug */,
				7EA95F4A263472310069FCAF /* Release */,
			);
			defaultConfigurationIsVisible = 0;
			defaultConfigurationName = Release;
		};
/* End XCConfigurationList section */
	};
	rootObject = 7EA95F132634722E0069FCAF /* Project object */;
}
